github.com/shogo82148/go-mecab v0.0.8 h1:a250wT61zR8hl+K4wCv6vZbvGFIwaVR8/2VTTYz7DPY=
github.com/shogo82148/go-mecab v0.0.8/go.mod h1:7k+MpOStTiDo7GLjWJGvrJmlPsEipRWhsw5Mu/vUtn8=
golang.org/x/sync v0.8.0 h1:3NFvSEYkUoMifnESzZl15y791HH1qU2xm6eCJU5ZPXQ=
golang.org/x/sync v0.8.0/go.mod h1:Czt+wKu1gCyEFDUtn0jG5QVvpJ6rzVqr5aXyt9drQfk=
